
Microsoft Visual Studio Solution File, Format Version 12.00
# Visual Studio Version 17
VisualStudioVersion = 17.11.35327.3
MinimumVisualStudioVersion = 10.0.40219.1
Project("{FAE04EC0-301F-11D3-BF4B-00C04F79EFBC}") = "DocCapture", "DocCapture.csproj", "{8E27BCF0-4DBA-4CB2-9AE7-80E752D0FB97}"
EndProject
Global
	GlobalSection(SolutionConfigurationPlatforms) = preSolution
		Debug|Any CPU = Debug|Any CPU
		Release|Any CPU = Release|Any CPU
	EndGlobalSection
	GlobalSection(ProjectConfigurationPlatforms) = postSolution
		{8E27BCF0-4DBA-4CB2-9AE7-80E752D0FB97}.Debug|Any CPU.ActiveCfg = Debug|Any CPU
		{8E27BCF0-4DBA-4CB2-9AE7-80E752D0FB97}.Debug|Any CPU.Build.0 = Debug|Any CPU
		{8E27BCF0-4DBA-4CB2-9AE7-80E752D0FB97}.Release|Any CPU.ActiveCfg = Release|Any CPU
		{8E27BCF0-4DBA-4CB2-9AE7-80E752D0FB97}.Release|Any CPU.Build.0 = Release|Any CPU
	EndGlobalSection
	GlobalSection(SolutionProperties) = preSolution
		HideSolutionNode = FALSE
	EndGlobalSection
	GlobalSection(ExtensibilityGlobals) = postSolution
		SolutionGuid = {F60BEA8B-F39C-4F60-8BD5-36F49ABB3F71}
	EndGlobalSection
EndGlobal
